
Microsoft Visual Studio Solution File, Format Version 12.00
# Visual Studio Version 17
VisualStudioVersion = 17.12.35506.116
MinimumVisualStudioVersion = 10.0.40219.1
Project("{FAE04EC0-301F-11D3-BF4B-00C04F79EFBC}") = "Shop.Order.Service", "Shop.Order.Service\Shop.Order.Service.csproj", "{79C9BFB4-5F2E-466F-A24C-F1B0CB70F39A}"
EndProject
Project("{FAE04EC0-301F-11D3-BF4B-00C04F79EFBC}") = "Shop.Payment.Service", "Shop.Payment.Service\Shop.Payment.Service.csproj", "{B882C603-9FBD-4D83-96C3-34E90CF80CF2}"
EndProject
Project("{FAE04EC0-301F-11D3-BF4B-00C04F79EFBC}") = "Shop.Inventory.Service", "Shop.Inventory.Service\Shop.Inventory.Service.csproj", "{F9567B89-A5F2-4131-8104-BEF49301F3B9}"
EndProject
Project("{FAE04EC0-301F-11D3-BF4B-00C04F79EFBC}") = "Shop.Messages", "Shop.Message\Shop.Messages.csproj", "{C458E4F3-6DF3-4A89-980A-B7D29EC81163}"
EndProject
Project("{FAE04EC0-301F-11D3-BF4B-00C04F79EFBC}") = "Shop.Notification.Service", "Shop.Notification.Service\Shop.Notification.Service.csproj", "{E6150CE9-E4C5-EA43-2F2E-3F7FD6D64A61}"
EndProject
Project("{FAE04EC0-301F-11D3-BF4B-00C04F79EFBC}") = "Shop.Notification.WebApi", "Shop.Notification.WebApi\Shop.Notification.WebApi.csproj", "{2977FC8E-8223-45CB-84E5-4BBDF54B1589}"
EndProject
Global
	GlobalSection(SolutionConfigurationPlatforms) = preSolution
		Debug|Any CPU = Debug|Any CPU
		Release|Any CPU = Release|Any CPU
	EndGlobalSection
	GlobalSection(ProjectConfigurationPlatforms) = postSolution
		{79C9BFB4-5F2E-466F-A24C-F1B0CB70F39A}.Debug|Any CPU.ActiveCfg = Debug|Any CPU
		{79C9BFB4-5F2E-466F-A24C-F1B0CB70F39A}.Debug|Any CPU.Build.0 = Debug|Any CPU
		{79C9BFB4-5F2E-466F-A24C-F1B0CB70F39A}.Release|Any CPU.ActiveCfg = Release|Any CPU
		{79C9BFB4-5F2E-466F-A24C-F1B0CB70F39A}.Release|Any CPU.Build.0 = Release|Any CPU
		{B882C603-9FBD-4D83-96C3-34E90CF80CF2}.Debug|Any CPU.ActiveCfg = Debug|Any CPU
		{B882C603-9FBD-4D83-96C3-34E90CF80CF2}.Debug|Any CPU.Build.0 = Debug|Any CPU
		{B882C603-9FBD-4D83-96C3-34E90CF80CF2}.Release|Any CPU.ActiveCfg = Release|Any CPU
		{B882C603-9FBD-4D83-96C3-34E90CF80CF2}.Release|Any CPU.Build.0 = Release|Any CPU
		{F9567B89-A5F2-4131-8104-BEF49301F3B9}.Debug|Any CPU.ActiveCfg = Debug|Any CPU
		{F9567B89-A5F2-4131-8104-BEF49301F3B9}.Debug|Any CPU.Build.0 = Debug|Any CPU
		{F9567B89-A5F2-4131-8104-BEF49301F3B9}.Release|Any CPU.ActiveCfg = Release|Any CPU
		{F9567B89-A5F2-4131-8104-BEF49301F3B9}.Release|Any CPU.Build.0 = Release|Any CPU
		{C458E4F3-6DF3-4A89-980A-B7D29EC81163}.Debug|Any CPU.ActiveCfg = Debug|Any CPU
		{C458E4F3-6DF3-4A89-980A-B7D29EC81163}.Debug|Any CPU.Build.0 = Debug|Any CPU
		{C458E4F3-6DF3-4A89-980A-B7D29EC81163}.Release|Any CPU.ActiveCfg = Release|Any CPU
		{C458E4F3-6DF3-4A89-980A-B7D29EC81163}.Release|Any CPU.Build.0 = Release|Any CPU
		{E6150CE9-E4C5-EA43-2F2E-3F7FD6D64A61}.Debug|Any CPU.ActiveCfg = Debug|Any CPU
		{E6150CE9-E4C5-EA43-2F2E-3F7FD6D64A61}.Debug|Any CPU.Build.0 = Debug|Any CPU
		{E6150CE9-E4C5-EA43-2F2E-3F7FD6D64A61}.Release|Any CPU.ActiveCfg = Release|Any CPU
		{E6150CE9-E4C5-EA43-2F2E-3F7FD6D64A61}.Release|Any CPU.Build.0 = Release|Any CPU
		{2977FC8E-8223-45CB-84E5-4BBDF54B1589}.Debug|Any CPU.ActiveCfg = Debug|Any CPU
		{2977FC8E-8223-45CB-84E5-4BBDF54B1589}.Debug|Any CPU.Build.0 = Debug|Any CPU
		{2977FC8E-8223-45CB-84E5-4BBDF54B1589}.Release|Any CPU.ActiveCfg = Release|Any CPU
		{2977FC8E-8223-45CB-84E5-4BBDF54B1589}.Release|Any CPU.Build.0 = Release|Any CPU
	EndGlobalSection
	GlobalSection(SolutionProperties) = preSolution
		HideSolutionNode = FALSE
	EndGlobalSection
	GlobalSection(ExtensibilityGlobals) = postSolution
		SolutionGuid = {CBB2CA46-ADB0-4A13-91B2-E5FE2FF25E2A}
	EndGlobalSection
EndGlobal
